{
  "name": "@ts-zero/monorepo",
  "lockfileVersion": 3,
  "requires": true,
  "packages": {
    "": {
      "name": "@ts-zero/monorepo",
      "workspaces": [
        "demos/*",
        "packages/*"
      ],
      "devDependencies": {
        "typescript": "^5.9.0"
      }
    },
    "demos/todo": {
      "name": "@ts-zero/demo-todo",
      "dependencies": {
        "@ts-zero/bun-server": "0.0.0",
        "@ts-zero/http": "0.0.0",
        "@ts-zero/node-server": "0.0.0",
        "@ts-zero/router": "0.0.0",
        "@ts-zero/uuid": "0.0.0"
      }
    },
    "node_modules/@ts-zero/bun-server": {
      "resolved": "packages/bun-server",
      "link": true
    },
    "node_modules/@ts-zero/demo-todo": {
      "resolved": "demos/todo",
      "link": true
    },
    "node_modules/@ts-zero/http": {
      "resolved": "packages/http",
      "link": true
    },
    "node_modules/@ts-zero/multipart": {
      "resolved": "packages/multipart",
      "link": true
    },
    "node_modules/@ts-zero/node-server": {
      "resolved": "packages/node-server",
      "link": true
    },
    "node_modules/@ts-zero/querystring": {
      "resolved": "packages/querystring",
      "link": true
    },
    "node_modules/@ts-zero/router": {
      "resolved": "packages/router",
      "link": true
    },
    "node_modules/@ts-zero/uuid": {
      "resolved": "packages/uuid",
      "link": true
    },
    "node_modules/typescript": {
      "version": "5.9.3",
      "resolved": "https://registry.npmjs.org/typescript/-/typescript-5.9.3.tgz",
      "integrity": "sha512-jl1vZzPDinLr9eUt3J/t7V6FgNEw9QjvBPdysz9KfQDD41fQrC2Y4vKQdiaUpFT4bXlb1RHhLpp8wtm6M5TgSw==",
      "dev": true,
      "license": "Apache-2.0",
      "bin": {
        "tsc": "bin/tsc",
        "tsserver": "bin/tsserver"
      },
      "engines": {
        "node": ">=14.17"
      }
    },
    "packages/bun-server": {
      "name": "@ts-zero/bun-server",
      "version": "0.0.0"
    },
    "packages/http": {
      "name": "@ts-zero/http",
      "version": "0.0.0"
    },
    "packages/multipart": {
      "name": "@ts-zero/multipart",
      "version": "0.0.0"
    },
    "packages/node-server": {
      "name": "@ts-zero/node-server",
      "version": "0.0.0"
    },
    "packages/querystring": {
      "name": "@ts-zero/querystring",
      "version": "0.0.0"
    },
    "packages/router": {
      "name": "@ts-zero/router",
      "version": "0.0.0"
    },
    "packages/uuid": {
      "name": "@ts-zero/uuid",
      "version": "0.0.0"
    }
  }
}
